
Microsoft Visual Studio Solution File, Format Version 12.00
# Visual Studio Version 17
VisualStudioVersion = 17.11.35327.3
MinimumVisualStudioVersion = 10.0.40219.1
Project("{FAE04EC0-301F-11D3-BF4B-00C04F79EFBC}") = "DotNET API", "DotNET API\DotNET API.csproj", "{8724427E-130C-4769-8001-F7BE83A44AC1}"
EndProject
Global
	GlobalSection(SolutionConfigurationPlatforms) = preSolution
		Debug|Any CPU = Debug|Any CPU
		Release|Any CPU = Release|Any CPU
	EndGlobalSection
	GlobalSection(ProjectConfigurationPlatforms) = postSolution
		{8724427E-130C-4769-8001-F7BE83A44AC1}.Debug|Any CPU.ActiveCfg = Debug|Any CPU
		{8724427E-130C-4769-8001-F7BE83A44AC1}.Debug|Any CPU.Build.0 = Debug|Any CPU
		{8724427E-130C-4769-8001-F7BE83A44AC1}.Release|Any CPU.ActiveCfg = Release|Any CPU
		{8724427E-130C-4769-8001-F7BE83A44AC1}.Release|Any CPU.Build.0 = Release|Any CPU
	EndGlobalSection
	GlobalSection(SolutionProperties) = preSolution
		HideSolutionNode = FALSE
	EndGlobalSection
	GlobalSection(ExtensibilityGlobals) = postSolution
		SolutionGuid = {03057E06-4268-42CD-8F5C-1B82A52FF12D}
	EndGlobalSection
EndGlobal
